Microsoft Visual Studio Solution File, Format Version 12.00
# Visual Studio Version 17
VisualStudioVersion = 17.5.2.0
MinimumVisualStudioVersion = 10.0.40219.1
Project("{FAE04EC0-301F-11D3-BF4B-00C04F79EFBC}") = "MiPrimerProyecto1", "MiPrimerProyecto1\MiPrimerProyecto1.csproj", "{77062C65-EDFD-64C4-B653-FBBB8F972046}"
EndProject
Global
	GlobalSection(SolutionConfigurationPlatforms) = preSolution
		Debug|Any CPU = Debug|Any CPU
		Release|Any CPU = Release|Any CPU
	EndGlobalSection
	GlobalSection(ProjectConfigurationPlatforms) = postSolution
		{77062C65-EDFD-64C4-B653-FBBB8F972046}.Debug|Any CPU.ActiveCfg = Debug|Any CPU
		{77062C65-EDFD-64C4-B653-FBBB8F972046}.Debug|Any CPU.Build.0 = Debug|Any CPU
		{77062C65-EDFD-64C4-B653-FBBB8F972046}.Release|Any CPU.ActiveCfg = Release|Any CPU
		{77062C65-EDFD-64C4-B653-FBBB8F972046}.Release|Any CPU.Build.0 = Release|Any CPU
	EndGlobalSection
	GlobalSection(SolutionProperties) = preSolution
		HideSolutionNode = FALSE
	EndGlobalSection
	GlobalSection(ExtensibilityGlobals) = postSolution
		SolutionGuid = {348B6A7C-B6C4-45BF-9194-52C0F0C6D496}
	EndGlobalSection
EndGlobal
